<?xml version="1.0" encoding="utf-8"?>
<Project ToolsVersion="4.0" xmlns="http://schemas.microsoft.com/developer/msbuild/2003">
  <ItemGroup>
    <Filter Include="Файлы ресурсов">
      <UniqueIdentifier>{67DA6AB6-F800-4c08-8B7A-83BB121AAD01}</UniqueIdentifier>
      <Extensions>rc;ico;cur;bmp;dlg;rc2;rct;bin;rgs;gif;jpg;jpeg;jpe;resx;tiff;tif;png;wav;mfcribbon-ms</Extensions>
    </Filter>
    <Filter Include="Sources">
      <UniqueIdentifier>{4FC737F1-C7A5-4376-A066-2A32D752A2FF}</UniqueIdentifier>
      <Extensions>cpp;c;cc;cxx;def;odl;idl;hpj;bat;asm;asmx</Extensions>
    </Filter>
    <Filter Include="Sources\TWebSocket">
      <UniqueIdentifier>{6e458d53-d512-4b1c-aeb8-caeff24be899}</UniqueIdentifier>
    </Filter>
    <Filter Include="Sources\THttpClient">
      <UniqueIdentifier>{262d98f2-1aae-4e5c-aaf4-481d984f99c7}</UniqueIdentifier>
    </Filter>
    <Filter Include="Sources\TNCEvent">
      <UniqueIdentifier>{a3e5359e-4132-42c4-9af7-9a00dbba2842}</UniqueIdentifier>
    </Filter>
    <Filter Include="Sources\Utils">
      <UniqueIdentifier>{9d246e4b-0947-4243-95b7-607a0002beac}</UniqueIdentifier>
    </Filter>
  </ItemGroup>
  <ItemGroup>
    <ClCompile Include="..\Sources\TNCFacade.cpp">
      <Filter>Sources</Filter>
    </ClCompile>
    <ClCompile Include="..\Sources\TWebSocket\TWebSocket.cpp">
      <Filter>Sources\TWebSocket</Filter>
    </ClCompile>
    <ClCompile Include="..\Sources\THttpClient\THttpClient.cpp">
      <Filter>Sources\THttpClient</Filter>
    </ClCompile>
    <ClCompile Include="..\Sources\Utils\TNCUtils.cpp">
      <Filter>Sources\Utils</Filter>
    </ClCompile>
  </ItemGroup>
  <ItemGroup>
    <ClInclude Include="..\Sources\TNCFacade.h">
      <Filter>Sources</Filter>
    </ClInclude>
    <ClInclude Include="..\Sources\TWebSocket\TWebSocket.h">
      <Filter>Sources\TWebSocket</Filter>
    </ClInclude>
    <ClInclude Include="..\Sources\THttpClient\THttpClient.h">
      <Filter>Sources\THttpClient</Filter>
    </ClInclude>
    <ClInclude Include="..\Sources\TNCTypes\TNCEvent.h">
      <Filter>Sources\TNCEvent</Filter>
    </ClInclude>
    <ClInclude Include="..\Sources\Utils\TNCUtils.h">
      <Filter>Sources\Utils</Filter>
    </ClInclude>
  </ItemGroup>
  <ItemGroup>
    <None Include="packages.config" />
  </ItemGroup>
</Project>